
Microsoft Visual Studio Solution File, Format Version 12.00
# Visual Studio Version 17
VisualStudioVersion = 17.5.002.0
MinimumVisualStudioVersion = 10.0.40219.1
Project("{9A19103F-16F7-4668-BE54-9A1E7A4F7556}") = "QueueWriter", "QueueWriter.csproj", "{56EEF150-DEBD-490A-A973-58B2D1518E9D}"
EndProject
Global
	GlobalSection(SolutionConfigurationPlatforms) = preSolution
		Debug|Any CPU = Debug|Any CPU
		Release|Any CPU = Release|Any CPU
	EndGlobalSection
	GlobalSection(ProjectConfigurationPlatforms) = postSolution
		{56EEF150-DEBD-490A-A973-58B2D1518E9D}.Debug|Any CPU.ActiveCfg = Debug|Any CPU
		{56EEF150-DEBD-490A-A973-58B2D1518E9D}.Debug|Any CPU.Build.0 = Debug|Any CPU
		{56EEF150-DEBD-490A-A973-58B2D1518E9D}.Release|Any CPU.ActiveCfg = Release|Any CPU
		{56EEF150-DEBD-490A-A973-58B2D1518E9D}.Release|Any CPU.Build.0 = Release|Any CPU
	EndGlobalSection
	GlobalSection(SolutionProperties) = preSolution
		HideSolutionNode = FALSE
	EndGlobalSection
	GlobalSection(ExtensibilityGlobals) = postSolution
		SolutionGuid = {7CB99F99-45F4-4E61-82BC-BE6896F453FF}
	EndGlobalSection
EndGlobal
