
Microsoft Visual Studio Solution File, Format Version 12.00
# Visual Studio Version 17
VisualStudioVersion = 17.5.002.0
MinimumVisualStudioVersion = 10.0.40219.1
Project("{9A19103F-16F7-4668-BE54-9A1E7A4F7556}") = "Storage Account - List Containers", "Storage Account - List Containers.csproj", "{8DF29797-D117-4EE8-992C-78631221D3CF}"
EndProject
Global
	GlobalSection(SolutionConfigurationPlatforms) = preSolution
		Debug|Any CPU = Debug|Any CPU
		Release|Any CPU = Release|Any CPU
	EndGlobalSection
	GlobalSection(ProjectConfigurationPlatforms) = postSolution
		{8DF29797-D117-4EE8-992C-78631221D3CF}.Debug|Any CPU.ActiveCfg = Debug|Any CPU
		{8DF29797-D117-4EE8-992C-78631221D3CF}.Debug|Any CPU.Build.0 = Debug|Any CPU
		{8DF29797-D117-4EE8-992C-78631221D3CF}.Release|Any CPU.ActiveCfg = Release|Any CPU
		{8DF29797-D117-4EE8-992C-78631221D3CF}.Release|Any CPU.Build.0 = Release|Any CPU
	EndGlobalSection
	GlobalSection(SolutionProperties) = preSolution
		HideSolutionNode = FALSE
	EndGlobalSection
	GlobalSection(ExtensibilityGlobals) = postSolution
		SolutionGuid = {1945385C-23EF-43FA-B990-70E6D8531109}
	EndGlobalSection
EndGlobal
