
Microsoft Visual Studio Solution File, Format Version 12.00
# Visual Studio Version 17
VisualStudioVersion = 17.5.002.0
MinimumVisualStudioVersion = 10.0.40219.1
Project("{9A19103F-16F7-4668-BE54-9A1E7A4F7556}") = "MsGraphConsole", "MsGraphConsole.csproj", "{5DAB2F7E-F9E7-41CA-97B8-1D8D5D4EE2B8}"
EndProject
Global
	GlobalSection(SolutionConfigurationPlatforms) = preSolution
		Debug|Any CPU = Debug|Any CPU
		Release|Any CPU = Release|Any CPU
	EndGlobalSection
	GlobalSection(ProjectConfigurationPlatforms) = postSolution
		{5DAB2F7E-F9E7-41CA-97B8-1D8D5D4EE2B8}.Debug|Any CPU.ActiveCfg = Debug|Any CPU
		{5DAB2F7E-F9E7-41CA-97B8-1D8D5D4EE2B8}.Debug|Any CPU.Build.0 = Debug|Any CPU
		{5DAB2F7E-F9E7-41CA-97B8-1D8D5D4EE2B8}.Release|Any CPU.ActiveCfg = Release|Any CPU
		{5DAB2F7E-F9E7-41CA-97B8-1D8D5D4EE2B8}.Release|Any CPU.Build.0 = Release|Any CPU
	EndGlobalSection
	GlobalSection(SolutionProperties) = preSolution
		HideSolutionNode = FALSE
	EndGlobalSection
	GlobalSection(ExtensibilityGlobals) = postSolution
		SolutionGuid = {46F1E194-573A-405C-9CA2-B7B4B7DD9E9F}
	EndGlobalSection
EndGlobal
