Microsoft Visual Studio Solution File, Format Version 12.00
# Visual Studio Version 17
VisualStudioVersion = 17.5.2.0
MinimumVisualStudioVersion = 10.0.40219.1
Project("{FAE04EC0-301F-11D3-BF4B-00C04F79EFBC}") = "func3", "func3.csproj", "{AE8F3EC5-8432-438F-C2D3-AACCD7DCB797}"
EndProject
Global
	GlobalSection(SolutionConfigurationPlatforms) = preSolution
		Debug|Any CPU = Debug|Any CPU
		Release|Any CPU = Release|Any CPU
	EndGlobalSection
	GlobalSection(ProjectConfigurationPlatforms) = postSolution
		{AE8F3EC5-8432-438F-C2D3-AACCD7DCB797}.Debug|Any CPU.ActiveCfg = Debug|Any CPU
		{AE8F3EC5-8432-438F-C2D3-AACCD7DCB797}.Debug|Any CPU.Build.0 = Debug|Any CPU
		{AE8F3EC5-8432-438F-C2D3-AACCD7DCB797}.Release|Any CPU.ActiveCfg = Release|Any CPU
		{AE8F3EC5-8432-438F-C2D3-AACCD7DCB797}.Release|Any CPU.Build.0 = Release|Any CPU
	EndGlobalSection
	GlobalSection(SolutionProperties) = preSolution
		HideSolutionNode = FALSE
	EndGlobalSection
	GlobalSection(ExtensibilityGlobals) = postSolution
		SolutionGuid = {C0A1D06B-8FD3-4446-9041-15B7B7E680FC}
	EndGlobalSection
EndGlobal
